
Microsoft Visual Studio Solution File, Format Version 12.00
# Visual Studio Version 17
VisualStudioVersion = 17.13.35825.156 d17.13
MinimumVisualStudioVersion = 10.0.40219.1
Project("{FAE04EC0-301F-11D3-BF4B-00C04F79EFBC}") = "ConsoleApp11", "ConsoleApp11\ConsoleApp11.csproj", "{3269A069-50CA-46FD-88ED-833D9AAEFFCD}"
EndProject
Global
	GlobalSection(SolutionConfigurationPlatforms) = preSolution
		Debug|Any CPU = Debug|Any CPU
		Release|Any CPU = Release|Any CPU
	EndGlobalSection
	GlobalSection(ProjectConfigurationPlatforms) = postSolution
		{3269A069-50CA-46FD-88ED-833D9AAEFFCD}.Debug|Any CPU.ActiveCfg = Debug|Any CPU
		{3269A069-50CA-46FD-88ED-833D9AAEFFCD}.Debug|Any CPU.Build.0 = Debug|Any CPU
		{3269A069-50CA-46FD-88ED-833D9AAEFFCD}.Release|Any CPU.ActiveCfg = Release|Any CPU
		{3269A069-50CA-46FD-88ED-833D9AAEFFCD}.Release|Any CPU.Build.0 = Release|Any CPU
	EndGlobalSection
	GlobalSection(SolutionProperties) = preSolution
		HideSolutionNode = FALSE
	EndGlobalSection
	GlobalSection(ExtensibilityGlobals) = postSolution
		SolutionGuid = {4E6AF58D-09B2-47D6-971B-911D6E7E93E2}
	EndGlobalSection
EndGlobal
