
Microsoft Visual Studio Solution File, Format Version 12.00
# Visual Studio Version 17
VisualStudioVersion = 17.13.35825.156 d17.13
MinimumVisualStudioVersion = 10.0.40219.1
Project("{FAE04EC0-301F-11D3-BF4B-00C04F79EFBC}") = "ConsoleApp13", "ConsoleApp13\ConsoleApp13.csproj", "{08E274E5-F79C-47F1-A2D7-20FD0373CAFB}"
EndProject
Global
	GlobalSection(SolutionConfigurationPlatforms) = preSolution
		Debug|Any CPU = Debug|Any CPU
		Release|Any CPU = Release|Any CPU
	EndGlobalSection
	GlobalSection(ProjectConfigurationPlatforms) = postSolution
		{08E274E5-F79C-47F1-A2D7-20FD0373CAFB}.Debug|Any CPU.ActiveCfg = Debug|Any CPU
		{08E274E5-F79C-47F1-A2D7-20FD0373CAFB}.Debug|Any CPU.Build.0 = Debug|Any CPU
		{08E274E5-F79C-47F1-A2D7-20FD0373CAFB}.Release|Any CPU.ActiveCfg = Release|Any CPU
		{08E274E5-F79C-47F1-A2D7-20FD0373CAFB}.Release|Any CPU.Build.0 = Release|Any CPU
	EndGlobalSection
	GlobalSection(SolutionProperties) = preSolution
		HideSolutionNode = FALSE
	EndGlobalSection
	GlobalSection(ExtensibilityGlobals) = postSolution
		SolutionGuid = {E59DD267-FC0F-4561-B1A5-70A964B8A9DA}
	EndGlobalSection
EndGlobal
